
Microsoft Visual Studio Solution File, Format Version 12.00
# Visual Studio 14
VisualStudioVersion = 14.0.25420.1
MinimumVisualStudioVersion = 10.0.40219.1
Project("{FAE04EC0-301F-11D3-BF4B-00C04F79EFBC}") = "DraftAnalyzer", "DraftAnalyzer\DraftAnalyzer.csproj", "{26FBB8E1-00CF-47CE-A43C-4E02CFB53C25}"
EndProject
Project("{FAE04EC0-301F-11D3-BF4B-00C04F79EFBC}") = "WindowsUtilities", "WindowsUtilities\WindowsUtilities.csproj", "{0891E1FC-723C-4392-91C0-486D10C5DC54}"
EndProject
Project("{FAE04EC0-301F-11D3-BF4B-00C04F79EFBC}") = "DataReader", "DataReader\DataReader.csproj", "{408005C0-21DE-4CFE-8D04-F6570CAD329C}"
EndProject
Project("{FAE04EC0-301F-11D3-BF4B-00C04F79EFBC}") = "Interrogator", "interrogator\Interrogator.csproj", "{D9BC17D2-ACC5-4EFE-B760-3EE9AFE4E1C1}"
EndProject
Project("{FAE04EC0-301F-11D3-BF4B-00C04F79EFBC}") = "GamePlanAnalyzer", "GamePlanAnalyzer\GamePlanAnalyzer.csproj", "{8B90C075-D1A7-47B9-8335-24FF1BF9715E}"
EndProject
Project("{FAE04EC0-301F-11D3-BF4B-00C04F79EFBC}") = "PlayerTracker", "PlayerTracker\PlayerTracker.csproj", "{1775E977-020B-4A57-8EAF-13504BA7A96C}"
EndProject
Project("{8BC9CEB8-8B4A-11D0-8D11-00A0C91BC942}") = "TicketPriceSetter", "TicketPriceSetter\TicketPriceSetter.vcxproj", "{A885255B-A7E9-4522-BFE6-4B0DB46E23F2}"
EndProject
Project("{FAE04EC0-301F-11D3-BF4B-00C04F79EFBC}") = "Automater", "Automater\Automater.csproj", "{59635288-E88B-4BB0-9711-CBE6868DFC92}"
EndProject
Global
	GlobalSection(SolutionConfigurationPlatforms) = preSolution
		Debug|Any CPU = Debug|Any CPU
		Debug|Mixed Platforms = Debug|Mixed Platforms
		Release|Any CPU = Release|Any CPU
		Release|Mixed Platforms = Release|Mixed Platforms
	EndGlobalSection
	GlobalSection(ProjectConfigurationPlatforms) = postSolution
		{26FBB8E1-00CF-47CE-A43C-4E02CFB53C25}.Debug|Any CPU.ActiveCfg = Debug|Any CPU
		{26FBB8E1-00CF-47CE-A43C-4E02CFB53C25}.Debug|Any CPU.Build.0 = Debug|Any CPU
		{26FBB8E1-00CF-47CE-A43C-4E02CFB53C25}.Debug|Mixed Platforms.ActiveCfg = Debug|Any CPU
		{26FBB8E1-00CF-47CE-A43C-4E02CFB53C25}.Debug|Mixed Platforms.Build.0 = Debug|Any CPU
		{26FBB8E1-00CF-47CE-A43C-4E02CFB53C25}.Release|Any CPU.ActiveCfg = Release|Any CPU
		{26FBB8E1-00CF-47CE-A43C-4E02CFB53C25}.Release|Any CPU.Build.0 = Release|Any CPU
		{26FBB8E1-00CF-47CE-A43C-4E02CFB53C25}.Release|Mixed Platforms.ActiveCfg = Release|Any CPU
		{26FBB8E1-00CF-47CE-A43C-4E02CFB53C25}.Release|Mixed Platforms.Build.0 = Release|Any CPU
		{0891E1FC-723C-4392-91C0-486D10C5DC54}.Debug|Any CPU.ActiveCfg = Debug|Any CPU
		{0891E1FC-723C-4392-91C0-486D10C5DC54}.Debug|Any CPU.Build.0 = Debug|Any CPU
		{0891E1FC-723C-4392-91C0-486D10C5DC54}.Debug|Mixed Platforms.ActiveCfg = Debug|Any CPU
		{0891E1FC-723C-4392-91C0-486D10C5DC54}.Debug|Mixed Platforms.Build.0 = Debug|Any CPU
		{0891E1FC-723C-4392-91C0-486D10C5DC54}.Release|Any CPU.ActiveCfg = Release|Any CPU
		{0891E1FC-723C-4392-91C0-486D10C5DC54}.Release|Any CPU.Build.0 = Release|Any CPU
		{0891E1FC-723C-4392-91C0-486D10C5DC54}.Release|Mixed Platforms.ActiveCfg = Release|Any CPU
		{0891E1FC-723C-4392-91C0-486D10C5DC54}.Release|Mixed Platforms.Build.0 = Release|Any CPU
		{408005C0-21DE-4CFE-8D04-F6570CAD329C}.Debug|Any CPU.ActiveCfg = Debug|Any CPU
		{408005C0-21DE-4CFE-8D04-F6570CAD329C}.Debug|Any CPU.Build.0 = Debug|Any CPU
		{408005C0-21DE-4CFE-8D04-F6570CAD329C}.Debug|Mixed Platforms.ActiveCfg = Debug|Any CPU
		{408005C0-21DE-4CFE-8D04-F6570CAD329C}.Debug|Mixed Platforms.Build.0 = Debug|Any CPU
		{408005C0-21DE-4CFE-8D04-F6570CAD329C}.Release|Any CPU.ActiveCfg = Release|Any CPU
		{408005C0-21DE-4CFE-8D04-F6570CAD329C}.Release|Any CPU.Build.0 = Release|Any CPU
		{408005C0-21DE-4CFE-8D04-F6570CAD329C}.Release|Mixed Platforms.ActiveCfg = Release|Any CPU
		{408005C0-21DE-4CFE-8D04-F6570CAD329C}.Release|Mixed Platforms.Build.0 = Release|Any CPU
		{D9BC17D2-ACC5-4EFE-B760-3EE9AFE4E1C1}.Debug|Any CPU.ActiveCfg = Debug|Any CPU
		{D9BC17D2-ACC5-4EFE-B760-3EE9AFE4E1C1}.Debug|Any CPU.Build.0 = Debug|Any CPU
		{D9BC17D2-ACC5-4EFE-B760-3EE9AFE4E1C1}.Debug|Mixed Platforms.ActiveCfg = Debug|Any CPU
		{D9BC17D2-ACC5-4EFE-B760-3EE9AFE4E1C1}.Debug|Mixed Platforms.Build.0 = Debug|Any CPU
		{D9BC17D2-ACC5-4EFE-B760-3EE9AFE4E1C1}.Release|Any CPU.ActiveCfg = Release|Any CPU
		{D9BC17D2-ACC5-4EFE-B760-3EE9AFE4E1C1}.Release|Any CPU.Build.0 = Release|Any CPU
		{D9BC17D2-ACC5-4EFE-B760-3EE9AFE4E1C1}.Release|Mixed Platforms.ActiveCfg = Release|Any CPU
		{D9BC17D2-ACC5-4EFE-B760-3EE9AFE4E1C1}.Release|Mixed Platforms.Build.0 = Release|Any CPU
		{8B90C075-D1A7-47B9-8335-24FF1BF9715E}.Debug|Any CPU.ActiveCfg = Debug|Any CPU
		{8B90C075-D1A7-47B9-8335-24FF1BF9715E}.Debug|Mixed Platforms.ActiveCfg = Debug|Any CPU
		{8B90C075-D1A7-47B9-8335-24FF1BF9715E}.Debug|Mixed Platforms.Build.0 = Debug|Any CPU
		{8B90C075-D1A7-47B9-8335-24FF1BF9715E}.Release|Any CPU.ActiveCfg = Release|Any CPU
		{8B90C075-D1A7-47B9-8335-24FF1BF9715E}.Release|Mixed Platforms.ActiveCfg = Release|Any CPU
		{8B90C075-D1A7-47B9-8335-24FF1BF9715E}.Release|Mixed Platforms.Build.0 = Release|Any CPU
		{1775E977-020B-4A57-8EAF-13504BA7A96C}.Debug|Any CPU.ActiveCfg = Debug|Any CPU
		{1775E977-020B-4A57-8EAF-13504BA7A96C}.Debug|Any CPU.Build.0 = Debug|Any CPU
		{1775E977-020B-4A57-8EAF-13504BA7A96C}.Debug|Mixed Platforms.ActiveCfg = Debug|Any CPU
		{1775E977-020B-4A57-8EAF-13504BA7A96C}.Debug|Mixed Platforms.Build.0 = Debug|Any CPU
		{1775E977-020B-4A57-8EAF-13504BA7A96C}.Release|Any CPU.ActiveCfg = Release|Any CPU
		{1775E977-020B-4A57-8EAF-13504BA7A96C}.Release|Any CPU.Build.0 = Release|Any CPU
		{1775E977-020B-4A57-8EAF-13504BA7A96C}.Release|Mixed Platforms.ActiveCfg = Release|Any CPU
		{1775E977-020B-4A57-8EAF-13504BA7A96C}.Release|Mixed Platforms.Build.0 = Release|Any CPU
		{A885255B-A7E9-4522-BFE6-4B0DB46E23F2}.Debug|Any CPU.ActiveCfg = Debug|Win32
		{A885255B-A7E9-4522-BFE6-4B0DB46E23F2}.Debug|Mixed Platforms.ActiveCfg = Debug|Win32
		{A885255B-A7E9-4522-BFE6-4B0DB46E23F2}.Debug|Mixed Platforms.Build.0 = Debug|Win32
		{A885255B-A7E9-4522-BFE6-4B0DB46E23F2}.Release|Any CPU.ActiveCfg = Release|Win32
		{A885255B-A7E9-4522-BFE6-4B0DB46E23F2}.Release|Mixed Platforms.ActiveCfg = Release|Win32
		{A885255B-A7E9-4522-BFE6-4B0DB46E23F2}.Release|Mixed Platforms.Build.0 = Release|Win32
		{59635288-E88B-4BB0-9711-CBE6868DFC92}.Debug|Any CPU.ActiveCfg = Debug|Any CPU
		{59635288-E88B-4BB0-9711-CBE6868DFC92}.Debug|Mixed Platforms.ActiveCfg = Debug|Any CPU
		{59635288-E88B-4BB0-9711-CBE6868DFC92}.Debug|Mixed Platforms.Build.0 = Debug|Any CPU
		{59635288-E88B-4BB0-9711-CBE6868DFC92}.Release|Any CPU.ActiveCfg = Release|Any CPU
		{59635288-E88B-4BB0-9711-CBE6868DFC92}.Release|Mixed Platforms.ActiveCfg = Release|Any CPU
		{59635288-E88B-4BB0-9711-CBE6868DFC92}.Release|Mixed Platforms.Build.0 = Release|Any CPU
	EndGlobalSection
	GlobalSection(SolutionProperties) = preSolution
		HideSolutionNode = FALSE
	EndGlobalSection
EndGlobal
